// !$*UTF8*$!
{
	archiveVersion = 1;
	classes = {
	};
	objectVersion = 50;
	objects = {

/* Begin PBXBuildFile section */
		9609993121998CAB006B6D62 /* AppDelegate.swift in Sources */ = {isa = PBXBuildFile; fileRef = 9609993021998CAB006B6D62 /* AppDelegate.swift */; };
		9609993821998CAD006B6D62 /* Assets.xcassets in Resources */ = {isa = PBXBuildFile; fileRef = 9609993721998CAD006B6D62 /* Assets.xcassets */; };
		9609994D21998E2C006B6D62 /* CitiesViewController.swift in Sources */ = {isa = PBXBuildFile; fileRef = 9609994C21998E2C006B6D62 /* CitiesViewController.swift */; };
		9609994F21998E3B006B6D62 /* CitiesViewModel.swift in Sources */ = {isa = PBXBuildFile; fileRef = 9609994E21998E3B006B6D62 /* CitiesViewModel.swift */; };
		9609995121998FEE006B6D62 /* CitiesScreen.storyboard in Resources */ = {isa = PBXBuildFile; fileRef = 9609995021998FEE006B6D62 /* CitiesScreen.storyboard */; };
		9609995321998FFE006B6D62 /* LaunchScreen.storyboard in Resources */ = {isa = PBXBuildFile; fileRef = 9609995221998FFE006B6D62 /* LaunchScreen.storyboard */; };
		96422CC02199B45200E485F2 /* CitiesTableView.swift in Sources */ = {isa = PBXBuildFile; fileRef = 96422CBF2199B45200E485F2 /* CitiesTableView.swift */; };
		96422CC22199B4CA00E485F2 /* CitiesTableElement.swift in Sources */ = {isa = PBXBuildFile; fileRef = 96422CC12199B4CA00E485F2 /* CitiesTableElement.swift */; };
		96422CC42199B4F300E485F2 /* CitiesElementMapper.swift in Sources */ = {isa = PBXBuildFile; fileRef = 96422CC32199B4F300E485F2 /* CitiesElementMapper.swift */; };
		96422CC62199C15B00E485F2 /* City.swift in Sources */ = {isa = PBXBuildFile; fileRef = 96422CC52199C15B00E485F2 /* City.swift */; };
		96DD569A219EFFB800BA1102 /* GeoLocationService.swift in Sources */ = {isa = PBXBuildFile; fileRef = 96DD5699219EFFB800BA1102 /* GeoLocationService.swift */; };
		96DD569C219F08E600BA1102 /* Coordinate.swift in Sources */ = {isa = PBXBuildFile; fileRef = 96DD569B219F08E600BA1102 /* Coordinate.swift */; };
		96DD569E219F099500BA1102 /* Problem.swift in Sources */ = {isa = PBXBuildFile; fileRef = 96DD569D219F099500BA1102 /* Problem.swift */; };
		96DD56A2219F0A0200BA1102 /* Localizable.strings in Resources */ = {isa = PBXBuildFile; fileRef = 96DD56A4219F0A0200BA1102 /* Localizable.strings */; };
		96DD56A6219F0A6200BA1102 /* StringExtension.swift in Sources */ = {isa = PBXBuildFile; fileRef = 96DD56A5219F0A6200BA1102 /* StringExtension.swift */; };
		96DD56A8219F0A7000BA1102 /* UIBarButtonItemExtension.swift in Sources */ = {isa = PBXBuildFile; fileRef = 96DD56A7219F0A7000BA1102 /* UIBarButtonItemExtension.swift */; };
		96DD56AA219F0A7500BA1102 /* UIButtonExtension.swift in Sources */ = {isa = PBXBuildFile; fileRef = 96DD56A9219F0A7500BA1102 /* UIButtonExtension.swift */; };
		96DD56AC219F0A7A00BA1102 /* UILabelExtension.swift in Sources */ = {isa = PBXBuildFile; fileRef = 96DD56AB219F0A7A00BA1102 /* UILabelExtension.swift */; };
		96DD56AE219F0A9F00BA1102 /* UINavigationItemExtension.swift in Sources */ = {isa = PBXBuildFile; fileRef = 96DD56AD219F0A9E00BA1102 /* UINavigationItemExtension.swift */; };
		96DD56B2219F0AAA00BA1102 /* UITableViewExtension.swift in Sources */ = {isa = PBXBuildFile; fileRef = 96DD56B1219F0AAA00BA1102 /* UITableViewExtension.swift */; };
		96DD56B4219F0AAE00BA1102 /* UITextFieldExtension.swift in Sources */ = {isa = PBXBuildFile; fileRef = 96DD56B3219F0AAE00BA1102 /* UITextFieldExtension.swift */; };
		96DD56B8219F0AB800BA1102 /* DateExtension.swift in Sources */ = {isa = PBXBuildFile; fileRef = 96DD56B7219F0AB800BA1102 /* DateExtension.swift */; };
		96DD56C2219F0AC600BA1102 /* UITableViewRxExtension.swift in Sources */ = {isa = PBXBuildFile; fileRef = 96DD56BA219F0AC600BA1102 /* UITableViewRxExtension.swift */; };
		96DD56C3219F0AC600BA1102 /* UIScrollViewReactiveExtension.swift in Sources */ = {isa = PBXBuildFile; fileRef = 96DD56BB219F0AC600BA1102 /* UIScrollViewReactiveExtension.swift */; };
		96DD56C6219F0AC600BA1102 /* ObservableExtension.swift in Sources */ = {isa = PBXBuildFile; fileRef = 96DD56BE219F0AC600BA1102 /* ObservableExtension.swift */; };
		96DD56C7219F0AC600BA1102 /* RxActivityIndicator.swift in Sources */ = {isa = PBXBuildFile; fileRef = 96DD56BF219F0AC600BA1102 /* RxActivityIndicator.swift */; };
		96DD56C8219F0AC600BA1102 /* UIViewControllerRxExtension.swift in Sources */ = {isa = PBXBuildFile; fileRef = 96DD56C0219F0AC600BA1102 /* UIViewControllerRxExtension.swift */; };
		96DD56CB219F0CA600BA1102 /* GlobalDefinitions.swift in Sources */ = {isa = PBXBuildFile; fileRef = 96DD56CA219F0CA600BA1102 /* GlobalDefinitions.swift */; };
		96DD56CD219F0D1800BA1102 /* RealmCoordinate.swift in Sources */ = {isa = PBXBuildFile; fileRef = 96DD56CC219F0D1800BA1102 /* RealmCoordinate.swift */; };
		96DD56CF219F0E9500BA1102 /* CityRealmMapper.swift in Sources */ = {isa = PBXBuildFile; fileRef = 96DD56CE219F0E9500BA1102 /* CityRealmMapper.swift */; };
		96DD56D1219F109C00BA1102 /* CityFromJSONMapper.swift in Sources */ = {isa = PBXBuildFile; fileRef = 96DD56D0219F109C00BA1102 /* CityFromJSONMapper.swift */; };
		96DD56D3219F11D000BA1102 /* CityService.swift in Sources */ = {isa = PBXBuildFile; fileRef = 96DD56D2219F11D000BA1102 /* CityService.swift */; };
		96DD56D6219F122000BA1102 /* DAO.swift in Sources */ = {isa = PBXBuildFile; fileRef = 96DD56D5219F122000BA1102 /* DAO.swift */; };
		96DD56D8219F122400BA1102 /* RestAPITransport.swift in Sources */ = {isa = PBXBuildFile; fileRef = 96DD56D7219F122400BA1102 /* RestAPITransport.swift */; };
		96DD56DA219F123400BA1102 /* RestAPI.swift in Sources */ = {isa = PBXBuildFile; fileRef = 96DD56D9219F123400BA1102 /* RestAPI.swift */; };
		96DD56DD219F126800BA1102 /* APIRequestBody.swift in Sources */ = {isa = PBXBuildFile; fileRef = 96DD56DC219F126800BA1102 /* APIRequestBody.swift */; };
		96DD56DF219F126D00BA1102 /* AuthAPIRequestBody.swift in Sources */ = {isa = PBXBuildFile; fileRef = 96DD56DE219F126D00BA1102 /* AuthAPIRequestBody.swift */; };
		96DD56E1219F12A500BA1102 /* SessionService.swift in Sources */ = {isa = PBXBuildFile; fileRef = 96DD56E0219F12A500BA1102 /* SessionService.swift */; };
		96DD56E3219F12ED00BA1102 /* ReSignInRequest.swift in Sources */ = {isa = PBXBuildFile; fileRef = 96DD56E2219F12ED00BA1102 /* ReSignInRequest.swift */; };
		96DD56E5219F130400BA1102 /* SignInRequest.swift in Sources */ = {isa = PBXBuildFile; fileRef = 96DD56E4219F130400BA1102 /* SignInRequest.swift */; };
		96DD56E9219F13E400BA1102 /* SplashViewController.swift in Sources */ = {isa = PBXBuildFile; fileRef = 96DD56E8219F13E400BA1102 /* SplashViewController.swift */; };
		96DD56EB219F140C00BA1102 /* AuthorizationViewController.swift in Sources */ = {isa = PBXBuildFile; fileRef = 96DD56EA219F140C00BA1102 /* AuthorizationViewController.swift */; };
		96DD56ED219F144200BA1102 /* AuthorizationViewModel.swift in Sources */ = {isa = PBXBuildFile; fileRef = 96DD56EC219F144200BA1102 /* AuthorizationViewModel.swift */; };
		96DD56EF21A2B19100BA1102 /* AuthorizationScreen.storyboard in Resources */ = {isa = PBXBuildFile; fileRef = 96DD56EE21A2B19100BA1102 /* AuthorizationScreen.storyboard */; };
		96DD56F121A2E8D800BA1102 /* JWT.swift in Sources */ = {isa = PBXBuildFile; fileRef = 96DD56F021A2E8D800BA1102 /* JWT.swift */; };
		96DD56F321A2E8E100BA1102 /* Tokens.swift in Sources */ = {isa = PBXBuildFile; fileRef = 96DD56F221A2E8E100BA1102 /* Tokens.swift */; };
		96DD56F521A2E90900BA1102 /* JWTFromJSONMapper.swift in Sources */ = {isa = PBXBuildFile; fileRef = 96DD56F421A2E90900BA1102 /* JWTFromJSONMapper.swift */; };
		96DD56F721A2E92200BA1102 /* TokensFromJSONMapper.swift in Sources */ = {isa = PBXBuildFile; fileRef = 96DD56F621A2E92200BA1102 /* TokensFromJSONMapper.swift */; };
		96DD56F921A2EAC000BA1102 /* UIControlTarget.swift in Sources */ = {isa = PBXBuildFile; fileRef = 96DD56F821A2EAC000BA1102 /* UIControlTarget.swift */; };
		96DD56FB21A2EAC600BA1102 /* UITextFieldReactiveExtension.swift in Sources */ = {isa = PBXBuildFile; fileRef = 96DD56FA21A2EAC600BA1102 /* UITextFieldReactiveExtension.swift */; };
		96DD56FE21A4304900BA1102 /* authorization.json in Resources */ = {isa = PBXBuildFile; fileRef = 96DD56FD21A4304900BA1102 /* authorization.json */; };
		96DD570121A4314400BA1102 /* AuthorizationErrorAlert.swift in Sources */ = {isa = PBXBuildFile; fileRef = 96DD570021A4314400BA1102 /* AuthorizationErrorAlert.swift */; };
		96DD570721A43E9500BA1102 /* SplashScreen.storyboard in Resources */ = {isa = PBXBuildFile; fileRef = 96DD570621A43E9500BA1102 /* SplashScreen.storyboard */; };
		96F03776219C3D2C00D52BBF /* RealmCity.swift in Sources */ = {isa = PBXBuildFile; fileRef = 96F03775219C3D2C00D52BBF /* RealmCity.swift */; };
		ECE0B2222106FD84980678B5 /* Pods_iOSMobileArchitecture.framework in Frameworks */ = {isa = PBXBuildFile; fileRef = ACA96BDAD5B09FB873090C8F /* Pods_iOSMobileArchitecture.framework */; };
/* End PBXBuildFile section */

/* Begin PBXFileReference section */
		239D779EEA80CD9A7D67CBDD /* Pods-iOSMobileArchitecture.release.xcconfig */ = {isa = PBXFileReference; includeInIndex = 1; lastKnownFileType = text.xcconfig; name = "Pods-iOSMobileArchitecture.release.xcconfig"; path = "Target Support Files/Pods-iOSMobileArchitecture/Pods-iOSMobileArchitecture.release.xcconfig"; sourceTree = "<group>"; };
		24FA251FBEED680960F3E967 /* Pods-iOSMobileArchitecture.debug.xcconfig */ = {isa = PBXFileReference; includeInIndex = 1; lastKnownFileType = text.xcconfig; name = "Pods-iOSMobileArchitecture.debug.xcconfig"; path = "Target Support Files/Pods-iOSMobileArchitecture/Pods-iOSMobileArchitecture.debug.xcconfig"; sourceTree = "<group>"; };
		9609992D21998CAB006B6D62 /* iOSMobileArchitecture.app */ = {isa = PBXFileReference; explicitFileType = wrapper.application; includeInIndex = 0; path = iOSMobileArchitecture.app; sourceTree = BUILT_PRODUCTS_DIR; };
		9609993021998CAB006B6D62 /* AppDelegate.swift */ = {isa = PBXFileReference; lastKnownFileType = sourcecode.swift; path = AppDelegate.swift; sourceTree = "<group>"; };
		9609993721998CAD006B6D62 /* Assets.xcassets */ = {isa = PBXFileReference; lastKnownFileType = folder.assetcatalog; path = Assets.xcassets; sourceTree = "<group>"; };
		9609993C21998CAD006B6D62 /* Info.plist */ = {isa = PBXFileReference; lastKnownFileType = text.plist.xml; path = Info.plist; sourceTree = "<group>"; };
		9609994C21998E2C006B6D62 /* CitiesViewController.swift */ = {isa = PBXFileReference; lastKnownFileType = sourcecode.swift; path = CitiesViewController.swift; sourceTree = "<group>"; };
		9609994E21998E3B006B6D62 /* CitiesViewModel.swift */ = {isa = PBXFileReference; lastKnownFileType = sourcecode.swift; path = CitiesViewModel.swift; sourceTree = "<group>"; };
		9609995021998FEE006B6D62 /* CitiesScreen.storyboard */ = {isa = PBXFileReference; lastKnownFileType = file.storyboard; path = CitiesScreen.storyboard; sourceTree = "<group>"; };
		9609995221998FFE006B6D62 /* LaunchScreen.storyboard */ = {isa = PBXFileReference; lastKnownFileType = file.storyboard; path = LaunchScreen.storyboard; sourceTree = "<group>"; };
		96422CBF2199B45200E485F2 /* CitiesTableView.swift */ = {isa = PBXFileReference; lastKnownFileType = sourcecode.swift; path = CitiesTableView.swift; sourceTree = "<group>"; };
		96422CC12199B4CA00E485F2 /* CitiesTableElement.swift */ = {isa = PBXFileReference; lastKnownFileType = sourcecode.swift; path = CitiesTableElement.swift; sourceTree = "<group>"; };
		96422CC32199B4F300E485F2 /* CitiesElementMapper.swift */ = {isa = PBXFileReference; lastKnownFileType = sourcecode.swift; path = CitiesElementMapper.swift; sourceTree = "<group>"; };
		96422CC52199C15B00E485F2 /* City.swift */ = {isa = PBXFileReference; lastKnownFileType = sourcecode.swift; path = City.swift; sourceTree = "<group>"; };
		96DD5699219EFFB800BA1102 /* GeoLocationService.swift */ = {isa = PBXFileReference; lastKnownFileType = sourcecode.swift; path = GeoLocationService.swift; sourceTree = "<group>"; };
		96DD569B219F08E600BA1102 /* Coordinate.swift */ = {isa = PBXFileReference; lastKnownFileType = sourcecode.swift; path = Coordinate.swift; sourceTree = "<group>"; };
		96DD569D219F099500BA1102 /* Problem.swift */ = {isa = PBXFileReference; lastKnownFileType = sourcecode.swift; path = Problem.swift; sourceTree = "<group>"; };
		96DD56A3219F0A0200BA1102 /* en */ = {isa = PBXFileReference; lastKnownFileType = text.plist.strings; name = en; path = en.lproj/Localizable.strings; sourceTree = "<group>"; };
		96DD56A5219F0A6200BA1102 /* StringExtension.swift */ = {isa = PBXFileReference; fileEncoding = 4; lastKnownFileType = sourcecode.swift; path = StringExtension.swift; sourceTree = "<group>"; };
		96DD56A7219F0A7000BA1102 /* UIBarButtonItemExtension.swift */ = {isa = PBXFileReference; fileEncoding = 4; lastKnownFileType = sourcecode.swift; path = UIBarButtonItemExtension.swift; sourceTree = "<group>"; };
		96DD56A9219F0A7500BA1102 /* UIButtonExtension.swift */ = {isa = PBXFileReference; fileEncoding = 4; lastKnownFileType = sourcecode.swift; path = UIButtonExtension.swift; sourceTree = "<group>"; };
		96DD56AB219F0A7A00BA1102 /* UILabelExtension.swift */ = {isa = PBXFileReference; fileEncoding = 4; lastKnownFileType = sourcecode.swift; path = UILabelExtension.swift; sourceTree = "<group>"; };
		96DD56AD219F0A9E00BA1102 /* UINavigationItemExtension.swift */ = {isa = PBXFileReference; fileEncoding = 4; lastKnownFileType = sourcecode.swift; path = UINavigationItemExtension.swift; sourceTree = "<group>"; };
		96DD56B1219F0AAA00BA1102 /* UITableViewExtension.swift */ = {isa = PBXFileReference; fileEncoding = 4; lastKnownFileType = sourcecode.swift; path = UITableViewExtension.swift; sourceTree = "<group>"; };
		96DD56B3219F0AAE00BA1102 /* UITextFieldExtension.swift */ = {isa = PBXFileReference; fileEncoding = 4; lastKnownFileType = sourcecode.swift; path = UITextFieldExtension.swift; sourceTree = "<group>"; };
		96DD56B7219F0AB800BA1102 /* DateExtension.swift */ = {isa = PBXFileReference; fileEncoding = 4; lastKnownFileType = sourcecode.swift; path = DateExtension.swift; sourceTree = "<group>"; };
		96DD56BA219F0AC600BA1102 /* UITableViewRxExtension.swift */ = {isa = PBXFileReference; fileEncoding = 4; lastKnownFileType = sourcecode.swift; path = UITableViewRxExtension.swift; sourceTree = "<group>"; };
		96DD56BB219F0AC600BA1102 /* UIScrollViewReactiveExtension.swift */ = {isa = PBXFileReference; fileEncoding = 4; lastKnownFileType = sourcecode.swift; path = UIScrollViewReactiveExtension.swift; sourceTree = "<group>"; };
		96DD56BE219F0AC600BA1102 /* ObservableExtension.swift */ = {isa = PBXFileReference; fileEncoding = 4; lastKnownFileType = sourcecode.swift; path = ObservableExtension.swift; sourceTree = "<group>"; };
		96DD56BF219F0AC600BA1102 /* RxActivityIndicator.swift */ = {isa = PBXFileReference; fileEncoding = 4; lastKnownFileType = sourcecode.swift; path = RxActivityIndicator.swift; sourceTree = "<group>"; };
		96DD56C0219F0AC600BA1102 /* UIViewControllerRxExtension.swift */ = {isa = PBXFileReference; fileEncoding = 4; lastKnownFileType = sourcecode.swift; path = UIViewControllerRxExtension.swift; sourceTree = "<group>"; };
		96DD56CA219F0CA600BA1102 /* GlobalDefinitions.swift */ = {isa = PBXFileReference; lastKnownFileType = sourcecode.swift; path = GlobalDefinitions.swift; sourceTree = "<group>"; };
		96DD56CC219F0D1800BA1102 /* RealmCoordinate.swift */ = {isa = PBXFileReference; lastKnownFileType = sourcecode.swift; path = RealmCoordinate.swift; sourceTree = "<group>"; };
		96DD56CE219F0E9500BA1102 /* CityRealmMapper.swift */ = {isa = PBXFileReference; lastKnownFileType = sourcecode.swift; path = CityRealmMapper.swift; sourceTree = "<group>"; };
		96DD56D0219F109C00BA1102 /* CityFromJSONMapper.swift */ = {isa = PBXFileReference; lastKnownFileType = sourcecode.swift; path = CityFromJSONMapper.swift; sourceTree = "<group>"; };
		96DD56D2219F11D000BA1102 /* CityService.swift */ = {isa = PBXFileReference; lastKnownFileType = sourcecode.swift; path = CityService.swift; sourceTree = "<group>"; };
		96DD56D5219F122000BA1102 /* DAO.swift */ = {isa = PBXFileReference; fileEncoding = 4; lastKnownFileType = sourcecode.swift; path = DAO.swift; sourceTree = "<group>"; };
		96DD56D7219F122400BA1102 /* RestAPITransport.swift */ = {isa = PBXFileReference; fileEncoding = 4; lastKnownFileType = sourcecode.swift; path = RestAPITransport.swift; sourceTree = "<group>"; };
		96DD56D9219F123400BA1102 /* RestAPI.swift */ = {isa = PBXFileReference; fileEncoding = 4; lastKnownFileType = sourcecode.swift; path = RestAPI.swift; sourceTree = "<group>"; };
		96DD56DC219F126800BA1102 /* APIRequestBody.swift */ = {isa = PBXFileReference; fileEncoding = 4; lastKnownFileType = sourcecode.swift; path = APIRequestBody.swift; sourceTree = "<group>"; };
		96DD56DE219F126D00BA1102 /* AuthAPIRequestBody.swift */ = {isa = PBXFileReference; fileEncoding = 4; lastKnownFileType = sourcecode.swift; path = AuthAPIRequestBody.swift; sourceTree = "<group>"; };
		96DD56E0219F12A500BA1102 /* SessionService.swift */ = {isa = PBXFileReference; fileEncoding = 4; lastKnownFileType = sourcecode.swift; path = SessionService.swift; sourceTree = "<group>"; };
		96DD56E2219F12ED00BA1102 /* ReSignInRequest.swift */ = {isa = PBXFileReference; fileEncoding = 4; lastKnownFileType = sourcecode.swift; path = ReSignInRequest.swift; sourceTree = "<group>"; };
		96DD56E4219F130400BA1102 /* SignInRequest.swift */ = {isa = PBXFileReference; fileEncoding = 4; lastKnownFileType = sourcecode.swift; path = SignInRequest.swift; sourceTree = "<group>"; };
		96DD56E8219F13E400BA1102 /* SplashViewController.swift */ = {isa = PBXFileReference; lastKnownFileType = sourcecode.swift; path = SplashViewController.swift; sourceTree = "<group>"; };
		96DD56EA219F140C00BA1102 /* AuthorizationViewController.swift */ = {isa = PBXFileReference; lastKnownFileType = sourcecode.swift; path = AuthorizationViewController.swift; sourceTree = "<group>"; };
		96DD56EC219F144200BA1102 /* AuthorizationViewModel.swift */ = {isa = PBXFileReference; lastKnownFileType = sourcecode.swift; path = AuthorizationViewModel.swift; sourceTree = "<group>"; };
		96DD56EE21A2B19100BA1102 /* AuthorizationScreen.storyboard */ = {isa = PBXFileReference; lastKnownFileType = file.storyboard; path = AuthorizationScreen.storyboard; sourceTree = "<group>"; };
		96DD56F021A2E8D800BA1102 /* JWT.swift */ = {isa = PBXFileReference; fileEncoding = 4; lastKnownFileType = sourcecode.swift; path = JWT.swift; sourceTree = "<group>"; };
		96DD56F221A2E8E100BA1102 /* Tokens.swift */ = {isa = PBXFileReference; fileEncoding = 4; lastKnownFileType = sourcecode.swift; path = Tokens.swift; sourceTree = "<group>"; };
		96DD56F421A2E90900BA1102 /* JWTFromJSONMapper.swift */ = {isa = PBXFileReference; fileEncoding = 4; lastKnownFileType = sourcecode.swift; path = JWTFromJSONMapper.swift; sourceTree = "<group>"; };
		96DD56F621A2E92200BA1102 /* TokensFromJSONMapper.swift */ = {isa = PBXFileReference; fileEncoding = 4; lastKnownFileType = sourcecode.swift; path = TokensFromJSONMapper.swift; sourceTree = "<group>"; };
		96DD56F821A2EAC000BA1102 /* UIControlTarget.swift */ = {isa = PBXFileReference; fileEncoding = 4; lastKnownFileType = sourcecode.swift; path = UIControlTarget.swift; sourceTree = "<group>"; };
		96DD56FA21A2EAC600BA1102 /* UITextFieldReactiveExtension.swift */ = {isa = PBXFileReference; fileEncoding = 4; lastKnownFileType = sourcecode.swift; path = UITextFieldReactiveExtension.swift; sourceTree = "<group>"; };
		96DD56FD21A4304900BA1102 /* authorization.json */ = {isa = PBXFileReference; lastKnownFileType = text.json; path = authorization.json; sourceTree = "<group>"; };
		96DD570021A4314400BA1102 /* AuthorizationErrorAlert.swift */ = {isa = PBXFileReference; lastKnownFileType = sourcecode.swift; path = AuthorizationErrorAlert.swift; sourceTree = "<group>"; };
		96DD570621A43E9500BA1102 /* SplashScreen.storyboard */ = {isa = PBXFileReference; lastKnownFileType = file.storyboard; path = SplashScreen.storyboard; sourceTree = "<group>"; };
		96F03775219C3D2C00D52BBF /* RealmCity.swift */ = {isa = PBXFileReference; lastKnownFileType = sourcecode.swift; path = RealmCity.swift; sourceTree = "<group>"; };
		ACA96BDAD5B09FB873090C8F /* Pods_iOSMobileArchitecture.framework */ = {isa = PBXFileReference; explicitFileType = wrapper.framework; includeInIndex = 0; path = Pods_iOSMobileArchitecture.framework; sourceTree = BUILT_PRODUCTS_DIR; };
/* End PBXFileReference section */

/* Begin PBXFrameworksBuildPhase section */
		9609992A21998CAB006B6D62 /* Frameworks */ = {
			isa = PBXFrameworksBuildPhase;
			buildActionMask = 2147483647;
			files = (
				ECE0B2222106FD84980678B5 /* Pods_iOSMobileArchitecture.framework in Frameworks */,
			);
			runOnlyForDeploymentPostprocessing = 0;
		};
/* End PBXFrameworksBuildPhase section */

/* Begin PBXGroup section */
		05A9942C91D8BADEF39EF918 /* Pods */ = {
			isa = PBXGroup;
			children = (
				24FA251FBEED680960F3E967 /* Pods-iOSMobileArchitecture.debug.xcconfig */,
				239D779EEA80CD9A7D67CBDD /* Pods-iOSMobileArchitecture.release.xcconfig */,
			);
			path = Pods;
			sourceTree = "<group>";
		};
		0F442602D457EE421B5ECE81 /* Frameworks */ = {
			isa = PBXGroup;
			children = (
				ACA96BDAD5B09FB873090C8F /* Pods_iOSMobileArchitecture.framework */,
			);
			name = Frameworks;
			sourceTree = "<group>";
		};
		9609992421998CAB006B6D62 = {
			isa = PBXGroup;
			children = (
				9609992F21998CAB006B6D62 /* iOSMobileArchitecture */,
				9609992E21998CAB006B6D62 /* Products */,
				05A9942C91D8BADEF39EF918 /* Pods */,
				0F442602D457EE421B5ECE81 /* Frameworks */,
			);
			sourceTree = "<group>";
		};
		9609992E21998CAB006B6D62 /* Products */ = {
			isa = PBXGroup;
			children = (
				9609992D21998CAB006B6D62 /* iOSMobileArchitecture.app */,
			);
			name = Products;
			sourceTree = "<group>";
		};
		9609992F21998CAB006B6D62 /* iOSMobileArchitecture */ = {
			isa = PBXGroup;
			children = (
				9609994221998D5F006B6D62 /* Classes */,
				9609994321998D65006B6D62 /* Resources */,
			);
			path = iOSMobileArchitecture;
			sourceTree = "<group>";
		};
		9609994221998D5F006B6D62 /* Classes */ = {
			isa = PBXGroup;
			children = (
				96DD56D4219F121700BA1102 /* Transport */,
				9609994A21998DFB006B6D62 /* GlobalDefinitions */,
				9609994521998DCD006B6D62 /* Misc */,
				9609994621998DD3006B6D62 /* Model */,
				9609994721998DD8006B6D62 /* Transformation */,
				9609994921998DE7006B6D62 /* Service */,
				9609994821998DDF006B6D62 /* Presentation */,
			);
			path = Classes;
			sourceTree = "<group>";
		};
		9609994321998D65006B6D62 /* Resources */ = {
			isa = PBXGroup;
			children = (
				96DD56FC21A4303200BA1102 /* json */,
				96DD569F219F09E300BA1102 /* Localizable */,
				9609994421998D97006B6D62 /* Storyboards */,
				9609993721998CAD006B6D62 /* Assets.xcassets */,
				9609993021998CAB006B6D62 /* AppDelegate.swift */,
				9609993C21998CAD006B6D62 /* Info.plist */,
			);
			path = Resources;
			sourceTree = "<group>";
		};
		9609994421998D97006B6D62 /* Storyboards */ = {
			isa = PBXGroup;
			children = (
				9609995021998FEE006B6D62 /* CitiesScreen.storyboard */,
				9609995221998FFE006B6D62 /* LaunchScreen.storyboard */,
				96DD56EE21A2B19100BA1102 /* AuthorizationScreen.storyboard */,
				96DD570621A43E9500BA1102 /* SplashScreen.storyboard */,
			);
			path = Storyboards;
			sourceTree = "<group>";
		};
		9609994521998DCD006B6D62 /* Misc */ = {
			isa = PBXGroup;
			children = (
				96DD56B9219F0AC600BA1102 /* Reactive */,
				96DD56A5219F0A6200BA1102 /* StringExtension.swift */,
				96DD56A7219F0A7000BA1102 /* UIBarButtonItemExtension.swift */,
				96DD56A9219F0A7500BA1102 /* UIButtonExtension.swift */,
				96DD56AB219F0A7A00BA1102 /* UILabelExtension.swift */,
				96DD56AD219F0A9E00BA1102 /* UINavigationItemExtension.swift */,
				96DD56B1219F0AAA00BA1102 /* UITableViewExtension.swift */,
				96DD56B3219F0AAE00BA1102 /* UITextFieldExtension.swift */,
				96DD56B7219F0AB800BA1102 /* DateExtension.swift */,
			);
			path = Misc;
			sourceTree = "<group>";
		};
		9609994621998DD3006B6D62 /* Model */ = {
			isa = PBXGroup;
			children = (
				96DD56DB219F124B00BA1102 /* RequestBody */,
				96422CBC2199AF0800E485F2 /* Realm */,
				96422CBB2199AF0300E485F2 /* Entity */,
				96422CBA2199AED600E485F2 /* Error */,
			);
			path = Model;
			sourceTree = "<group>";
		};
		9609994721998DD8006B6D62 /* Transformation */ = {
			isa = PBXGroup;
			children = (
				96DD56F621A2E92200BA1102 /* TokensFromJSONMapper.swift */,
				96DD56F421A2E90900BA1102 /* JWTFromJSONMapper.swift */,
				96DD56CE219F0E9500BA1102 /* CityRealmMapper.swift */,
				96DD56D0219F109C00BA1102 /* CityFromJSONMapper.swift */,
			);
			path = Transformation;
			sourceTree = "<group>";
		};
		9609994821998DDF006B6D62 /* Presentation */ = {
			isa = PBXGroup;
			children = (
				96DD56E7219F13C500BA1102 /* AuthorizationScreen */,
				96DD56E6219F13BB00BA1102 /* SplashScreen */,
				9609994B21998E08006B6D62 /* CitiesScreen */,
			);
			path = Presentation;
			sourceTree = "<group>";
		};
		9609994921998DE7006B6D62 /* Service */ = {
			isa = PBXGroup;
			children = (
				96DD56E0219F12A500BA1102 /* SessionService.swift */,
				96DD56D9219F123400BA1102 /* RestAPI.swift */,
				96DD5699219EFFB800BA1102 /* GeoLocationService.swift */,
				96DD56D2219F11D000BA1102 /* CityService.swift */,
			);
			path = Service;
			sourceTree = "<group>";
		};
		9609994A21998DFB006B6D62 /* GlobalDefinitions */ = {
			isa = PBXGroup;
			children = (
				96DD56CA219F0CA600BA1102 /* GlobalDefinitions.swift */,
			);
			path = GlobalDefinitions;
			sourceTree = "<group>";
		};
		9609994B21998E08006B6D62 /* CitiesScreen */ = {
			isa = PBXGroup;
			children = (
				96422CBD2199AF1700E485F2 /* TableView */,
				9609994C21998E2C006B6D62 /* CitiesViewController.swift */,
				9609994E21998E3B006B6D62 /* CitiesViewModel.swift */,
			);
			path = CitiesScreen;
			sourceTree = "<group>";
		};
		96422CBA2199AED600E485F2 /* Error */ = {
			isa = PBXGroup;
			children = (
				96DD569D219F099500BA1102 /* Problem.swift */,
			);
			path = Error;
			sourceTree = "<group>";
		};
		96422CBB2199AF0300E485F2 /* Entity */ = {
			isa = PBXGroup;
			children = (
				96DD56F221A2E8E100BA1102 /* Tokens.swift */,
				96DD56F021A2E8D800BA1102 /* JWT.swift */,
				96422CC52199C15B00E485F2 /* City.swift */,
				96DD569B219F08E600BA1102 /* Coordinate.swift */,
			);
			path = Entity;
			sourceTree = "<group>";
		};
		96422CBC2199AF0800E485F2 /* Realm */ = {
			isa = PBXGroup;
			children = (
				96F03775219C3D2C00D52BBF /* RealmCity.swift */,
				96DD56CC219F0D1800BA1102 /* RealmCoordinate.swift */,
			);
			path = Realm;
			sourceTree = "<group>";
		};
		96422CBD2199AF1700E485F2 /* TableView */ = {
			isa = PBXGroup;
			children = (
				96422CBE2199AF1F00E485F2 /* Elements */,
				96422CBF2199B45200E485F2 /* CitiesTableView.swift */,
			);
			path = TableView;
			sourceTree = "<group>";
		};
		96422CBE2199AF1F00E485F2 /* Elements */ = {
			isa = PBXGroup;
			children = (
				96422CC12199B4CA00E485F2 /* CitiesTableElement.swift */,
				96422CC32199B4F300E485F2 /* CitiesElementMapper.swift */,
			);
			path = Elements;
			sourceTree = "<group>";
		};
		96DD569F219F09E300BA1102 /* Localizable */ = {
			isa = PBXGroup;
			children = (
				96DD56A4219F0A0200BA1102 /* Localizable.strings */,
			);
			path = Localizable;
			sourceTree = "<group>";
		};
		96DD56B9219F0AC600BA1102 /* Reactive */ = {
			isa = PBXGroup;
			children = (
				96DD56FA21A2EAC600BA1102 /* UITextFieldReactiveExtension.swift */,
				96DD56F821A2EAC000BA1102 /* UIControlTarget.swift */,
				96DD56BA219F0AC600BA1102 /* UITableViewRxExtension.swift */,
				96DD56BB219F0AC600BA1102 /* UIScrollViewReactiveExtension.swift */,
				96DD56BE219F0AC600BA1102 /* ObservableExtension.swift */,
				96DD56BF219F0AC600BA1102 /* RxActivityIndicator.swift */,
				96DD56C0219F0AC600BA1102 /* UIViewControllerRxExtension.swift */,
			);
			path = Reactive;
			sourceTree = "<group>";
		};
		96DD56D4219F121700BA1102 /* Transport */ = {
			isa = PBXGroup;
			children = (
				96DD56D5219F122000BA1102 /* DAO.swift */,
				96DD56D7219F122400BA1102 /* RestAPITransport.swift */,
			);
			path = Transport;
			sourceTree = "<group>";
		};
		96DD56DB219F124B00BA1102 /* RequestBody */ = {
			isa = PBXGroup;
			children = (
				96DD56E4219F130400BA1102 /* SignInRequest.swift */,
				96DD56E2219F12ED00BA1102 /* ReSignInRequest.swift */,
				96DD56DC219F126800BA1102 /* APIRequestBody.swift */,
				96DD56DE219F126D00BA1102 /* AuthAPIRequestBody.swift */,
			);
			path = RequestBody;
			sourceTree = "<group>";
		};
		96DD56E6219F13BB00BA1102 /* SplashScreen */ = {
			isa = PBXGroup;
			children = (
				96DD56E8219F13E400BA1102 /* SplashViewController.swift */,
			);
			path = SplashScreen;
			sourceTree = "<group>";
		};
		96DD56E7219F13C500BA1102 /* AuthorizationScreen */ = {
			isa = PBXGroup;
			children = (
				96DD56FF21A4313000BA1102 /* AuthorizationErrorAlert */,
				96DD56EA219F140C00BA1102 /* AuthorizationViewController.swift */,
				96DD56EC219F144200BA1102 /* AuthorizationViewModel.swift */,
			);
			path = AuthorizationScreen;
			sourceTree = "<group>";
		};
		96DD56FC21A4303200BA1102 /* json */ = {
			isa = PBXGroup;
			children = (
				96DD56FD21A4304900BA1102 /* authorization.json */,
			);
			path = json;
			sourceTree = "<group>";
		};
		96DD56FF21A4313000BA1102 /* AuthorizationErrorAlert */ = {
			isa = PBXGroup;
			children = (
				96DD570021A4314400BA1102 /* AuthorizationErrorAlert.swift */,
			);
			path = AuthorizationErrorAlert;
			sourceTree = "<group>";
		};
/* End PBXGroup section */

/* Begin PBXNativeTarget section */
		9609992C21998CAB006B6D62 /* iOSMobileArchitecture */ = {
			isa = PBXNativeTarget;
			buildConfigurationList = 9609993F21998CAD006B6D62 /* Build configuration list for PBXNativeTarget "iOSMobileArchitecture" */;
			buildPhases = (
				6F4CFE8BE089E761BFE174BB /* [CP] Check Pods Manifest.lock */,
				9609992921998CAB006B6D62 /* Sources */,
				9609992A21998CAB006B6D62 /* Frameworks */,
				9609992B21998CAB006B6D62 /* Resources */,
				F770C98C95CC5611CDB732D8 /* [CP] Embed Pods Frameworks */,
			);
			buildRules = (
			);
			dependencies = (
			);
			name = iOSMobileArchitecture;
			productName = iOSMobileArchitecture;
			productReference = 9609992D21998CAB006B6D62 /* iOSMobileArchitecture.app */;
			productType = "com.apple.product-type.application";
		};
/* End PBXNativeTarget section */

/* Begin PBXProject section */
		9609992521998CAB006B6D62 /* Project object */ = {
			isa = PBXProject;
			attributes = {
				LastSwiftUpdateCheck = 1010;
				LastUpgradeCheck = 1010;
				ORGANIZATIONNAME = "Andrey Chernyshev";
				TargetAttributes = {
					9609992C21998CAB006B6D62 = {
						CreatedOnToolsVersion = 10.1;
					};
				};
			};
			buildConfigurationList = 9609992821998CAB006B6D62 /* Build configuration list for PBXProject "iOSMobileArchitecture" */;
			compatibilityVersion = "Xcode 9.3";
			developmentRegion = en;
			hasScannedForEncodings = 0;
			knownRegions = (
				en,
				Base,
			);
			mainGroup = 9609992421998CAB006B6D62;
			productRefGroup = 9609992E21998CAB006B6D62 /* Products */;
			projectDirPath = "";
			projectRoot = "";
			targets = (
				9609992C21998CAB006B6D62 /* iOSMobileArchitecture */,
			);
		};
/* End PBXProject section */

/* Begin PBXResourcesBuildPhase section */
		9609992B21998CAB006B6D62 /* Resources */ = {
			isa = PBXResourcesBuildPhase;
			buildActionMask = 2147483647;
			files = (
				9609995321998FFE006B6D62 /* LaunchScreen.storyboard in Resources */,
				96DD56A2219F0A0200BA1102 /* Localizable.strings in Resources */,
				9609993821998CAD006B6D62 /* Assets.xcassets in Resources */,
				96DD56EF21A2B19100BA1102 /* AuthorizationScreen.storyboard in Resources */,
				9609995121998FEE006B6D62 /* CitiesScreen.storyboard in Resources */,
				96DD56FE21A4304900BA1102 /* authorization.json in Resources */,
				96DD570721A43E9500BA1102 /* SplashScreen.storyboard in Resources */,
			);
			runOnlyForDeploymentPostprocessing = 0;
		};
/* End PBXResourcesBuildPhase section */

/* Begin PBXShellScriptBuildPhase section */
		6F4CFE8BE089E761BFE174BB /* [CP] Check Pods Manifest.lock */ = {
			isa = PBXShellScriptBuildPhase;
			buildActionMask = 2147483647;
			files = (
			);
			inputFileListPaths = (
			);
			inputPaths = (
				"${PODS_PODFILE_DIR_PATH}/Podfile.lock",
				"${PODS_ROOT}/Manifest.lock",
			);
			name = "[CP] Check Pods Manifest.lock";
			outputFileListPaths = (
			);
			outputPaths = (
				"$(DERIVED_FILE_DIR)/Pods-iOSMobileArchitecture-checkManifestLockResult.txt",
			);
			runOnlyForDeploymentPostprocessing = 0;
			shellPath = /bin/sh;
			shellScript = "diff \"${PODS_PODFILE_DIR_PATH}/Podfile.lock\" \"${PODS_ROOT}/Manifest.lock\" > /dev/null\nif [ $? != 0 ] ; then\n    # print error to STDERR\n    echo \"error: The sandbox is not in sync with the Podfile.lock. Run 'pod install' or update your CocoaPods installation.\" >&2\n    exit 1\nfi\n# This output is used by Xcode 'outputs' to avoid re-running this script phase.\necho \"SUCCESS\" > \"${SCRIPT_OUTPUT_FILE_0}\"\n";
			showEnvVarsInLog = 0;
		};
		F770C98C95CC5611CDB732D8 /* [CP] Embed Pods Frameworks */ = {
			isa = PBXShellScriptBuildPhase;
			buildActionMask = 2147483647;
			files = (
			);
			inputFileListPaths = (
			);
			inputPaths = (
				"${PODS_ROOT}/Target Support Files/Pods-iOSMobileArchitecture/Pods-iOSMobileArchitecture-frameworks.sh",
				"${BUILT_PRODUCTS_DIR}/Alamofire/Alamofire.framework",
				"${BUILT_PRODUCTS_DIR}/Realm/Realm.framework",
				"${BUILT_PRODUCTS_DIR}/RealmSwift/RealmSwift.framework",
				"${BUILT_PRODUCTS_DIR}/RxCocoa/RxCocoa.framework",
				"${BUILT_PRODUCTS_DIR}/RxSwift/RxSwift.framework",
			);
			name = "[CP] Embed Pods Frameworks";
			outputFileListPaths = (
			);
			outputPaths = (
				"${TARGET_BUILD_DIR}/${FRAMEWORKS_FOLDER_PATH}/Alamofire.framework",
				"${TARGET_BUILD_DIR}/${FRAMEWORKS_FOLDER_PATH}/Realm.framework",
				"${TARGET_BUILD_DIR}/${FRAMEWORKS_FOLDER_PATH}/RealmSwift.framework",
				"${TARGET_BUILD_DIR}/${FRAMEWORKS_FOLDER_PATH}/RxCocoa.framework",
				"${TARGET_BUILD_DIR}/${FRAMEWORKS_FOLDER_PATH}/RxSwift.framework",
			);
			runOnlyForDeploymentPostprocessing = 0;
			shellPath = /bin/sh;
			shellScript = "\"${PODS_ROOT}/Target Support Files/Pods-iOSMobileArchitecture/Pods-iOSMobileArchitecture-frameworks.sh\"\n";
			showEnvVarsInLog = 0;
		};
/* End PBXShellScriptBuildPhase section */

/* Begin PBXSourcesBuildPhase section */
		9609992921998CAB006B6D62 /* Sources */ = {
			isa = PBXSourcesBuildPhase;
			buildActionMask = 2147483647;
			files = (
				96DD56F121A2E8D800BA1102 /* JWT.swift in Sources */,
				96DD56DA219F123400BA1102 /* RestAPI.swift in Sources */,
				96422CC02199B45200E485F2 /* CitiesTableView.swift in Sources */,
				96DD56CF219F0E9500BA1102 /* CityRealmMapper.swift in Sources */,
				96DD56E5219F130400BA1102 /* SignInRequest.swift in Sources */,
				96DD56F521A2E90900BA1102 /* JWTFromJSONMapper.swift in Sources */,
				96DD56ED219F144200BA1102 /* AuthorizationViewModel.swift in Sources */,
				96DD56B8219F0AB800BA1102 /* DateExtension.swift in Sources */,
				96DD56FB21A2EAC600BA1102 /* UITextFieldReactiveExtension.swift in Sources */,
				96DD56DD219F126800BA1102 /* APIRequestBody.swift in Sources */,
				9609993121998CAB006B6D62 /* AppDelegate.swift in Sources */,
				96DD569E219F099500BA1102 /* Problem.swift in Sources */,
				96422CC22199B4CA00E485F2 /* CitiesTableElement.swift in Sources */,
				96DD56AE219F0A9F00BA1102 /* UINavigationItemExtension.swift in Sources */,
				9609994F21998E3B006B6D62 /* CitiesViewModel.swift in Sources */,
				96F03776219C3D2C00D52BBF /* RealmCity.swift in Sources */,
				96DD56A8219F0A7000BA1102 /* UIBarButtonItemExtension.swift in Sources */,
				96DD56CD219F0D1800BA1102 /* RealmCoordinate.swift in Sources */,
				96DD56F921A2EAC000BA1102 /* UIControlTarget.swift in Sources */,
				96DD56AC219F0A7A00BA1102 /* UILabelExtension.swift in Sources */,
				96DD56CB219F0CA600BA1102 /* GlobalDefinitions.swift in Sources */,
				96DD56D8219F122400BA1102 /* RestAPITransport.swift in Sources */,
				96DD56E1219F12A500BA1102 /* SessionService.swift in Sources */,
				96DD56EB219F140C00BA1102 /* AuthorizationViewController.swift in Sources */,
				96DD570121A4314400BA1102 /* AuthorizationErrorAlert.swift in Sources */,
				96DD56DF219F126D00BA1102 /* AuthAPIRequestBody.swift in Sources */,
				96DD56C2219F0AC600BA1102 /* UITableViewRxExtension.swift in Sources */,
				96DD56C8219F0AC600BA1102 /* UIViewControllerRxExtension.swift in Sources */,
				96DD56E3219F12ED00BA1102 /* ReSignInRequest.swift in Sources */,
				96DD569A219EFFB800BA1102 /* GeoLocationService.swift in Sources */,
				96DD56C6219F0AC600BA1102 /* ObservableExtension.swift in Sources */,
				96422CC42199B4F300E485F2 /* CitiesElementMapper.swift in Sources */,
				96DD56B4219F0AAE00BA1102 /* UITextFieldExtension.swift in Sources */,
				96DD56D1219F109C00BA1102 /* CityFromJSONMapper.swift in Sources */,
				96DD56A6219F0A6200BA1102 /* StringExtension.swift in Sources */,
				9609994D21998E2C006B6D62 /* CitiesViewController.swift in Sources */,
				96DD56AA219F0A7500BA1102 /* UIButtonExtension.swift in Sources */,
				96DD56C3219F0AC600BA1102 /* UIScrollViewReactiveExtension.swift in Sources */,
				96DD56D6219F122000BA1102 /* DAO.swift in Sources */,
				96DD56B2219F0AAA00BA1102 /* UITableViewExtension.swift in Sources */,
				96DD56E9219F13E400BA1102 /* SplashViewController.swift in Sources */,
				96422CC62199C15B00E485F2 /* City.swift in Sources */,
				96DD56D3219F11D000BA1102 /* CityService.swift in Sources */,
				96DD56F721A2E92200BA1102 /* TokensFromJSONMapper.swift in Sources */,
				96DD56C7219F0AC600BA1102 /* RxActivityIndicator.swift in Sources */,
				96DD569C219F08E600BA1102 /* Coordinate.swift in Sources */,
				96DD56F321A2E8E100BA1102 /* Tokens.swift in Sources */,
			);
			runOnlyForDeploymentPostprocessing = 0;
		};
/* End PBXSourcesBuildPhase section */

/* Begin PBXVariantGroup section */
		96DD56A4219F0A0200BA1102 /* Localizable.strings */ = {
			isa = PBXVariantGroup;
			children = (
				96DD56A3219F0A0200BA1102 /* en */,
			);
			name = Localizable.strings;
			sourceTree = "<group>";
		};
/* End PBXVariantGroup section */

/* Begin XCBuildConfiguration section */
		9609993D21998CAD006B6D62 /* Debug */ = {
			isa = XCBuildConfiguration;
			buildSettings = {
				ALWAYS_SEARCH_USER_PATHS = NO;
				CLANG_ANALYZER_NONNULL = YES;
				CLANG_ANALYZER_NUMBER_OBJECT_CONVERSION = YES_AGGRESSIVE;
				CLANG_CXX_LANGUAGE_STANDARD = "gnu++14";
				CLANG_CXX_LIBRARY = "libc++";
				CLANG_ENABLE_MODULES = YES;
				CLANG_ENABLE_OBJC_ARC = YES;
				CLANG_ENABLE_OBJC_WEAK = YES;
				CLANG_WARN_BLOCK_CAPTURE_AUTORELEASING = YES;
				CLANG_WARN_BOOL_CONVERSION = YES;
				CLANG_WARN_COMMA = YES;
				CLANG_WARN_CONSTANT_CONVERSION = YES;
				CLANG_WARN_DEPRECATED_OBJC_IMPLEMENTATIONS = YES;
				CLANG_WARN_DIRECT_OBJC_ISA_USAGE = YES_ERROR;
				CLANG_WARN_DOCUMENTATION_COMMENTS = YES;
				CLANG_WARN_EMPTY_BODY = YES;
				CLANG_WARN_ENUM_CONVERSION = YES;
				CLANG_WARN_INFINITE_RECURSION = YES;
				CLANG_WARN_INT_CONVERSION = YES;
				CLANG_WARN_NON_LITERAL_NULL_CONVERSION = YES;
				CLANG_WARN_OBJC_IMPLICIT_RETAIN_SELF = YES;
				CLANG_WARN_OBJC_LITERAL_CONVERSION = YES;
				CLANG_WARN_OBJC_ROOT_CLASS = YES_ERROR;
				CLANG_WARN_RANGE_LOOP_ANALYSIS = YES;
				CLANG_WARN_STRICT_PROTOTYPES = YES;
				CLANG_WARN_SUSPICIOUS_MOVE = YES;
				CLANG_WARN_UNGUARDED_AVAILABILITY = YES_AGGRESSIVE;
				CLANG_WARN_UNREACHABLE_CODE = YES;
				CLANG_WARN__DUPLICATE_METHOD_MATCH = YES;
				CODE_SIGN_IDENTITY = "iPhone Developer";
				COPY_PHASE_STRIP = NO;
				DEBUG_INFORMATION_FORMAT = dwarf;
				ENABLE_STRICT_OBJC_MSGSEND = YES;
				ENABLE_TESTABILITY = YES;
				GCC_C_LANGUAGE_STANDARD = gnu11;
				GCC_DYNAMIC_NO_PIC = NO;
				GCC_NO_COMMON_BLOCKS = YES;
				GCC_OPTIMIZATION_LEVEL = 0;
				GCC_PREPROCESSOR_DEFINITIONS = (
					"DEBUG=1",
					"$(inherited)",
				);
				GCC_WARN_64_TO_32_BIT_CONVERSION = YES;
				GCC_WARN_ABOUT_RETURN_TYPE = YES_ERROR;
				GCC_WARN_UNDECLARED_SELECTOR = YES;
				GCC_WARN_UNINITIALIZED_AUTOS = YES_AGGRESSIVE;
				GCC_WARN_UNUSED_FUNCTION = YES;
				GCC_WARN_UNUSED_VARIABLE = YES;
				IPHONEOS_DEPLOYMENT_TARGET = 12.1;
				MTL_ENABLE_DEBUG_INFO = INCLUDE_SOURCE;
				MTL_FAST_MATH = YES;
				ONLY_ACTIVE_ARCH = YES;
				SDKROOT = iphoneos;
				SWIFT_ACTIVE_COMPILATION_CONDITIONS = DEBUG;
				SWIFT_OPTIMIZATION_LEVEL = "-Onone";
			};
			name = Debug;
		};
		9609993E21998CAD006B6D62 /* Release */ = {
			isa = XCBuildConfiguration;
			buildSettings = {
				ALWAYS_SEARCH_USER_PATHS = NO;
				CLANG_ANALYZER_NONNULL = YES;
				CLANG_ANALYZER_NUMBER_OBJECT_CONVERSION = YES_AGGRESSIVE;
				CLANG_CXX_LANGUAGE_STANDARD = "gnu++14";
				CLANG_CXX_LIBRARY = "libc++";
				CLANG_ENABLE_MODULES = YES;
				CLANG_ENABLE_OBJC_ARC = YES;
				CLANG_ENABLE_OBJC_WEAK = YES;
				CLANG_WARN_BLOCK_CAPTURE_AUTORELEASING = YES;
				CLANG_WARN_BOOL_CONVERSION = YES;
				CLANG_WARN_COMMA = YES;
				CLANG_WARN_CONSTANT_CONVERSION = YES;
				CLANG_WARN_DEPRECATED_OBJC_IMPLEMENTATIONS = YES;
				CLANG_WARN_DIRECT_OBJC_ISA_USAGE = YES_ERROR;
				CLANG_WARN_DOCUMENTATION_COMMENTS = YES;
				CLANG_WARN_EMPTY_BODY = YES;
				CLANG_WARN_ENUM_CONVERSION = YES;
				CLANG_WARN_INFINITE_RECURSION = YES;
				CLANG_WARN_INT_CONVERSION = YES;
				CLANG_WARN_NON_LITERAL_NULL_CONVERSION = YES;
				CLANG_WARN_OBJC_IMPLICIT_RETAIN_SELF = YES;
				CLANG_WARN_OBJC_LITERAL_CONVERSION = YES;
				CLANG_WARN_OBJC_ROOT_CLASS = YES_ERROR;
				CLANG_WARN_RANGE_LOOP_ANALYSIS = YES;
				CLANG_WARN_STRICT_PROTOTYPES = YES;
				CLANG_WARN_SUSPICIOUS_MOVE = YES;
				CLANG_WARN_UNGUARDED_AVAILABILITY = YES_AGGRESSIVE;
				CLANG_WARN_UNREACHABLE_CODE = YES;
				CLANG_WARN__DUPLICATE_METHOD_MATCH = YES;
				CODE_SIGN_IDENTITY = "iPhone Developer";
				COPY_PHASE_STRIP = NO;
				DEBUG_INFORMATION_FORMAT = "dwarf-with-dsym";
				ENABLE_NS_ASSERTIONS = NO;
				ENABLE_STRICT_OBJC_MSGSEND = YES;
				GCC_C_LANGUAGE_STANDARD = gnu11;
				GCC_NO_COMMON_BLOCKS = YES;
				GCC_WARN_64_TO_32_BIT_CONVERSION = YES;
				GCC_WARN_ABOUT_RETURN_TYPE = YES_ERROR;
				GCC_WARN_UNDECLARED_SELECTOR = YES;
				GCC_WARN_UNINITIALIZED_AUTOS = YES_AGGRESSIVE;
				GCC_WARN_UNUSED_FUNCTION = YES;
				GCC_WARN_UNUSED_VARIABLE = YES;
				IPHONEOS_DEPLOYMENT_TARGET = 12.1;
				MTL_ENABLE_DEBUG_INFO = NO;
				MTL_FAST_MATH = YES;
				SDKROOT = iphoneos;
				SWIFT_COMPILATION_MODE = wholemodule;
				SWIFT_OPTIMIZATION_LEVEL = "-O";
				VALIDATE_PRODUCT = YES;
			};
			name = Release;
		};
		9609994021998CAD006B6D62 /* Debug */ = {
			isa = XCBuildConfiguration;
			baseConfigurationReference = 24FA251FBEED680960F3E967 /* Pods-iOSMobileArchitecture.debug.xcconfig */;
			buildSettings = {
				ASSETCATALOG_COMPILER_APPICON_NAME = AppIcon;
				CODE_SIGN_STYLE = Automatic;
				DEVELOPMENT_TEAM = UDD4QZUY96;
				INFOPLIST_FILE = "$(SRCROOT)/iOSMobileArchitecture/Resources/Info.plist";
				IPHONEOS_DEPLOYMENT_TARGET = 10.0;
				LD_RUNPATH_SEARCH_PATHS = (
					"$(inherited)",
					"@executable_path/Frameworks",
				);
				PRODUCT_BUNDLE_IDENTIFIER = com.andrey.iOSMobileArchitecture;
				PRODUCT_NAME = "$(TARGET_NAME)";
				SWIFT_VERSION = 4.2;
				TARGETED_DEVICE_FAMILY = 1;
			};
			name = Debug;
		};
		9609994121998CAD006B6D62 /* Release */ = {
			isa = XCBuildConfiguration;
			baseConfigurationReference = 239D779EEA80CD9A7D67CBDD /* Pods-iOSMobileArchitecture.release.xcconfig */;
			buildSettings = {
				ASSETCATALOG_COMPILER_APPICON_NAME = AppIcon;
				CODE_SIGN_STYLE = Automatic;
				DEVELOPMENT_TEAM = UDD4QZUY96;
				INFOPLIST_FILE = "$(SRCROOT)/iOSMobileArchitecture/Resources/Info.plist";
				IPHONEOS_DEPLOYMENT_TARGET = 10.0;
				LD_RUNPATH_SEARCH_PATHS = (
					"$(inherited)",
					"@executable_path/Frameworks",
				);
				PRODUCT_BUNDLE_IDENTIFIER = com.andrey.iOSMobileArchitecture;
				PRODUCT_NAME = "$(TARGET_NAME)";
				SWIFT_VERSION = 4.2;
				TARGETED_DEVICE_FAMILY = 1;
			};
			name = Release;
		};
/* End XCBuildConfiguration section */

/* Begin XCConfigurationList section */
		9609992821998CAB006B6D62 /* Build configuration list for PBXProject "iOSMobileArchitecture" */ = {
			isa = XCConfigurationList;
			buildConfigurations = (
				9609993D21998CAD006B6D62 /* Debug */,
				9609993E21998CAD006B6D62 /* Release */,
			);
			defaultConfigurationIsVisible = 0;
			defaultConfigurationName = Release;
		};
		9609993F21998CAD006B6D62 /* Build configuration list for PBXNativeTarget "iOSMobileArchitecture" */ = {
			isa = XCConfigurationList;
			buildConfigurations = (
				9609994021998CAD006B6D62 /* Debug */,
				9609994121998CAD006B6D62 /* Release */,
			);
			defaultConfigurationIsVisible = 0;
			defaultConfigurationName = Release;
		};
/* End XCConfigurationList section */
	};
	rootObject = 9609992521998CAB006B6D62 /* Project object */;
}
